{
	"name": "@charmander/test",
	"version": "0.1.0",
	"lockfileVersion": 1,
	"requires": true,
	"dependencies": {
		"@charmander/eslint-config-base": {
			"version": "1.0.3",
			"resolved": "https://registry.npmjs.org/@charmander/eslint-config-base/-/eslint-config-base-1.0.3.tgz",
			"integrity": "sha512-tVHt7c7WnkqEzAPlJnATSWPs0C+6wQxBWlRE06QvXk1Bf8STLKdNhoZ8gbBqAOd3bobNJ+fjWdNR9GfkbyvOKA==",
			"dev": true
		}
	}
}
